
Microsoft Visual Studio Solution File, Format Version 12.00
# Visual Studio Version 16
VisualStudioVersion = 16.0.31410.357
MinimumVisualStudioVersion = 10.0.40219.1
Project("{FAE04EC0-301F-11D3-BF4B-00C04F79EFBC}") = "CartProject", "CartProject\CartProject.csproj", "{3120113F-3E2A-43A2-8178-4B95A3D28BBE}"
EndProject
Global
	GlobalSection(SolutionConfigurationPlatforms) = preSolution
		Debug|Any CPU = Debug|Any CPU
		Release|Any CPU = Release|Any CPU
	EndGlobalSection
	GlobalSection(ProjectConfigurationPlatforms) = postSolution
		{3120113F-3E2A-43A2-8178-4B95A3D28BBE}.Debug|Any CPU.ActiveCfg = Debug|Any CPU
		{3120113F-3E2A-43A2-8178-4B95A3D28BBE}.Debug|Any CPU.Build.0 = Debug|Any CPU
		{3120113F-3E2A-43A2-8178-4B95A3D28BBE}.Release|Any CPU.ActiveCfg = Release|Any CPU
		{3120113F-3E2A-43A2-8178-4B95A3D28BBE}.Release|Any CPU.Build.0 = Release|Any CPU
	EndGlobalSection
	GlobalSection(SolutionProperties) = preSolution
		HideSolutionNode = FALSE
	EndGlobalSection
	GlobalSection(ExtensibilityGlobals) = postSolution
		SolutionGuid = {2296781D-AEC8-48CF-ACE3-563885E5CB9B}
	EndGlobalSection
EndGlobal
